Microsoft Visual Studio Solution File, Format Version 12.00
# Visual Studio 15
VisualStudioVersion = 15.0.26730.15
MinimumVisualStudioVersion = 10.0.40219.1
butler{$id := uuid}
Project("{bb{uuid}}") = "Example", "bb{ .Project.Name }\bb{ .Project.Name }.csproj", "{bb{$id}}"
EndProject
Global
	GlobalSection(SolutionConfigurationPlatforms) = preSolution
		Debug|Any CPU = Debug|Any CPU
		Release|Any CPU = Release|Any CPU
	EndGlobalSection
	GlobalSection(ProjectConfigurationPlatforms) = postSolution
		{bb{$id}}.Debug|Any CPU.ActiveCfg = Debug|Any CPU
		{bb{$id}}.Debug|Any CPU.Build.0 = Debug|Any CPU
		{bb{$id}}.Release|Any CPU.ActiveCfg = Release|Any CPU
		{butlbber{$id}}.Release|Any CPU.Build.0 = Release|Any CPU
	EndGlobalSection
	GlobalSection(SolutionProperties) = preSolution
		HideSolutionNode = FALSE
	EndGlobalSection
	GlobalSection(ExtensibilityGlobals) = postSolution
		SolutionGuid = {bb{print uuid}}
	EndGlobalSection
EndGlobal
